
Microsoft Visual Studio Solution File, Format Version 12.00
# Visual Studio 15
VisualStudioVersion = 15.0.26430.16
MinimumVisualStudioVersion = 10.0.40219.1
Project("{8BC9CEB8-8B4A-11D0-8D11-00A0C91BC942}") = "harj4", "harj4\harj4.vcxproj", "{B0655B54-F820-48EC-913E-20B394253889}"
EndProject
Project("{8BC9CEB8-8B4A-11D0-8D11-00A0C91BC942}") = "harj5", "harj5\harj5.vcxproj", "{B08B6C4B-F3E3-4AB3-BEE5-D701A5A74260}"
EndProject
Project("{8BC9CEB8-8B4A-11D0-8D11-00A0C91BC942}") = "harj6", "harj6\harj6.vcxproj", "{98C1BE6F-090F-438F-B6CA-1C0C38AE3D55}"
EndProject
Project("{8BC9CEB8-8B4A-11D0-8D11-00A0C91BC942}") = "harj7", "harj7\harj7.vcxproj", "{463CF591-6416-46F7-9B65-4014DAFE1B64}"
EndProject
Project("{8BC9CEB8-8B4A-11D0-8D11-00A0C91BC942}") = "harj8", "harj8\harj8.vcxproj", "{656ACD50-35E3-4150-BDB2-2D12D19ADF8E}"
EndProject
Project("{8BC9CEB8-8B4A-11D0-8D11-00A0C91BC942}") = "harj9", "harj9\harj9.vcxproj", "{0B9EBD5F-6E09-4290-BC66-C2FDC78ACF3A}"
EndProject
Project("{8BC9CEB8-8B4A-11D0-8D11-00A0C91BC942}") = "harj10", "harj10\harj10.vcxproj", "{D8DAABD3-292B-4E40-A87F-8D66244D46EF}"
EndProject
Project("{8BC9CEB8-8B4A-11D0-8D11-00A0C91BC942}") = "harj11", "harj11\harj11.vcxproj", "{DB50BA4F-BEFB-4E56-9F25-5BA6150CF8CD}"
EndProject
Project("{8BC9CEB8-8B4A-11D0-8D11-00A0C91BC942}") = "harj12", "harj12\harj12.vcxproj", "{DD0C74B6-49D4-4E88-8E6A-41656753B999}"
EndProject
Project("{8BC9CEB8-8B4A-11D0-8D11-00A0C91BC942}") = "temppi", "temppi\temppi.vcxproj", "{781CEB50-5FA1-4CB1-B33E-38D74AC666D2}"
EndProject
Project("{8BC9CEB8-8B4A-11D0-8D11-00A0C91BC942}") = "esim", "esim\temp.vcxproj", "{55262F20-FAE3-4A61-A104-9594A5B5769E}"
EndProject
Project("{8BC9CEB8-8B4A-11D0-8D11-00A0C91BC942}") = "harj3", "harj3\harj3.vcxproj", "{938D9305-C1DA-4B74-89BE-EC05482E9103}"
EndProject
Project("{8BC9CEB8-8B4A-11D0-8D11-00A0C91BC942}") = "snippets", "snippets\snippets.vcxproj", "{22A9727A-04AB-4CCA-A9BF-6C0C3B72295A}"
EndProject
Project("{8BC9CEB8-8B4A-11D0-8D11-00A0C91BC942}") = "harj13", "harj13\harj13.vcxproj", "{49783C20-A892-45A4-9750-7DD8E3425700}"
EndProject
Project("{8BC9CEB8-8B4A-11D0-8D11-00A0C91BC942}") = "harj14", "harj14\harj14.vcxproj", "{35A06166-E95C-444C-9090-57EA89A2C9B6}"
EndProject
Project("{8BC9CEB8-8B4A-11D0-8D11-00A0C91BC942}") = "harj15", "harj15\harj15.vcxproj", "{5A6526C7-6841-4D2F-98D8-66E94C3E9689}"
EndProject
Project("{8BC9CEB8-8B4A-11D0-8D11-00A0C91BC942}") = "harj16", "harj16\harj16.vcxproj", "{982FFA03-EB48-42FD-9AA8-9CBF9AD129EA}"
EndProject
Project("{8BC9CEB8-8B4A-11D0-8D11-00A0C91BC942}") = "harj17", "harj17\harj17.vcxproj", "{D97CC7DE-3984-4B10-814E-432D4263E2E7}"
EndProject
Project("{8BC9CEB8-8B4A-11D0-8D11-00A0C91BC942}") = "harj18", "harj18\harj18.vcxproj", "{BCF75714-80E5-4E68-9412-71EF508571E0}"
EndProject
Project("{8BC9CEB8-8B4A-11D0-8D11-00A0C91BC942}") = "harj19", "harj19\harj19.vcxproj", "{177A220D-FF0F-4668-92F2-DE2FB3549B0B}"
EndProject
Project("{8BC9CEB8-8B4A-11D0-8D11-00A0C91BC942}") = "harj20", "harj20\harj20.vcxproj", "{2F7021F5-09F4-4FF2-91A8-E4D2CF8D4903}"
EndProject
Project("{8BC9CEB8-8B4A-11D0-8D11-00A0C91BC942}") = "harj22", "harj22\harj22.vcxproj", "{5F0DC106-232D-4686-A4FE-AE797464896A}"
EndProject
Project("{8BC9CEB8-8B4A-11D0-8D11-00A0C91BC942}") = "harj21", "harj21\harj21.vcxproj", "{F5FC6082-B958-454C-946A-78AA3C497B93}"
EndProject
Project("{8BC9CEB8-8B4A-11D0-8D11-00A0C91BC942}") = "muiden", "muiden\muiden.vcxproj", "{54EBF6BC-B5AA-4DC4-866B-BF6DCCBE33B1}"
EndProject
Project("{8BC9CEB8-8B4A-11D0-8D11-00A0C91BC942}") = "tradefair", "tradefair\tradefair.vcxproj", "{E9EA77B9-5FF4-436D-8CF1-8E45D5E5FD01}"
EndProject
Project("{8BC9CEB8-8B4A-11D0-8D11-00A0C91BC942}") = "modularisoi", "modularisoi\modularisoi.vcxproj", "{DF958399-D1F7-4A50-A7E8-927EAE11254C}"
EndProject
Project("{8BC9CEB8-8B4A-11D0-8D11-00A0C91BC942}") = "harj23", "harj23\harj23.vcxproj", "{440C1E41-B051-457E-A506-C59C9521B775}"
EndProject
Project("{8BC9CEB8-8B4A-11D0-8D11-00A0C91BC942}") = "harj24", "harj24\harj24.vcxproj", "{61B5F749-A992-4FE7-A9BF-590ECE6EEDFE}"
EndProject
Project("{8BC9CEB8-8B4A-11D0-8D11-00A0C91BC942}") = "harj25", "harj25\harj25.vcxproj", "{4E442D69-9DFD-418D-9D44-6DB2943B1E54}"
EndProject
Project("{8BC9CEB8-8B4A-11D0-8D11-00A0C91BC942}") = "tetris", "tetris\tetris.vcxproj", "{6F66AA2E-2CD4-4B59-9905-FC435DEA89E6}"
EndProject
Project("{8BC9CEB8-8B4A-11D0-8D11-00A0C91BC942}") = "tetris_koulukone", "tetris_koulukone\tetris_koulukone.vcxproj", "{AA076034-AAB6-4837-80A3-F702FA82A94E}"
EndProject
Global
	GlobalSection(SolutionConfigurationPlatforms) = preSolution
		Debug|x64 = Debug|x64
		Debug|x86 = Debug|x86
		Release|x64 = Release|x64
		Release|x86 = Release|x86
	EndGlobalSection
	GlobalSection(ProjectConfigurationPlatforms) = postSolution
		{B0655B54-F820-48EC-913E-20B394253889}.Debug|x64.ActiveCfg = Debug|x64
		{B0655B54-F820-48EC-913E-20B394253889}.Debug|x64.Build.0 = Debug|x64
		{B0655B54-F820-48EC-913E-20B394253889}.Debug|x86.ActiveCfg = Debug|Win32
		{B0655B54-F820-48EC-913E-20B394253889}.Debug|x86.Build.0 = Debug|Win32
		{B0655B54-F820-48EC-913E-20B394253889}.Release|x64.ActiveCfg = Release|x64
		{B0655B54-F820-48EC-913E-20B394253889}.Release|x64.Build.0 = Release|x64
		{B0655B54-F820-48EC-913E-20B394253889}.Release|x86.ActiveCfg = Release|Win32
		{B0655B54-F820-48EC-913E-20B394253889}.Release|x86.Build.0 = Release|Win32
		{B08B6C4B-F3E3-4AB3-BEE5-D701A5A74260}.Debug|x64.ActiveCfg = Debug|x64
		{B08B6C4B-F3E3-4AB3-BEE5-D701A5A74260}.Debug|x64.Build.0 = Debug|x64
		{B08B6C4B-F3E3-4AB3-BEE5-D701A5A74260}.Debug|x86.ActiveCfg = Debug|Win32
		{B08B6C4B-F3E3-4AB3-BEE5-D701A5A74260}.Debug|x86.Build.0 = Debug|Win32
		{B08B6C4B-F3E3-4AB3-BEE5-D701A5A74260}.Release|x64.ActiveCfg = Release|x64
		{B08B6C4B-F3E3-4AB3-BEE5-D701A5A74260}.Release|x64.Build.0 = Release|x64
		{B08B6C4B-F3E3-4AB3-BEE5-D701A5A74260}.Release|x86.ActiveCfg = Release|Win32
		{B08B6C4B-F3E3-4AB3-BEE5-D701A5A74260}.Release|x86.Build.0 = Release|Win32
		{98C1BE6F-090F-438F-B6CA-1C0C38AE3D55}.Debug|x64.ActiveCfg = Debug|x64
		{98C1BE6F-090F-438F-B6CA-1C0C38AE3D55}.Debug|x64.Build.0 = Debug|x64
		{98C1BE6F-090F-438F-B6CA-1C0C38AE3D55}.Debug|x86.ActiveCfg = Debug|Win32
		{98C1BE6F-090F-438F-B6CA-1C0C38AE3D55}.Debug|x86.Build.0 = Debug|Win32
		{98C1BE6F-090F-438F-B6CA-1C0C38AE3D55}.Release|x64.ActiveCfg = Release|x64
		{98C1BE6F-090F-438F-B6CA-1C0C38AE3D55}.Release|x64.Build.0 = Release|x64
		{98C1BE6F-090F-438F-B6CA-1C0C38AE3D55}.Release|x86.ActiveCfg = Release|Win32
		{98C1BE6F-090F-438F-B6CA-1C0C38AE3D55}.Release|x86.Build.0 = Release|Win32
		{463CF591-6416-46F7-9B65-4014DAFE1B64}.Debug|x64.ActiveCfg = Debug|x64
		{463CF591-6416-46F7-9B65-4014DAFE1B64}.Debug|x64.Build.0 = Debug|x64
		{463CF591-6416-46F7-9B65-4014DAFE1B64}.Debug|x86.ActiveCfg = Debug|Win32
		{463CF591-6416-46F7-9B65-4014DAFE1B64}.Debug|x86.Build.0 = Debug|Win32
		{463CF591-6416-46F7-9B65-4014DAFE1B64}.Release|x64.ActiveCfg = Release|x64
		{463CF591-6416-46F7-9B65-4014DAFE1B64}.Release|x64.Build.0 = Release|x64
		{463CF591-6416-46F7-9B65-4014DAFE1B64}.Release|x86.ActiveCfg = Release|Win32
		{463CF591-6416-46F7-9B65-4014DAFE1B64}.Release|x86.Build.0 = Release|Win32
		{656ACD50-35E3-4150-BDB2-2D12D19ADF8E}.Debug|x64.ActiveCfg = Debug|x64
		{656ACD50-35E3-4150-BDB2-2D12D19ADF8E}.Debug|x64.Build.0 = Debug|x64
		{656ACD50-35E3-4150-BDB2-2D12D19ADF8E}.Debug|x86.ActiveCfg = Debug|Win32
		{656ACD50-35E3-4150-BDB2-2D12D19ADF8E}.Debug|x86.Build.0 = Debug|Win32
		{656ACD50-35E3-4150-BDB2-2D12D19ADF8E}.Release|x64.ActiveCfg = Release|x64
		{656ACD50-35E3-4150-BDB2-2D12D19ADF8E}.Release|x64.Build.0 = Release|x64
		{656ACD50-35E3-4150-BDB2-2D12D19ADF8E}.Release|x86.ActiveCfg = Release|Win32
		{656ACD50-35E3-4150-BDB2-2D12D19ADF8E}.Release|x86.Build.0 = Release|Win32
		{0B9EBD5F-6E09-4290-BC66-C2FDC78ACF3A}.Debug|x64.ActiveCfg = Debug|x64
		{0B9EBD5F-6E09-4290-BC66-C2FDC78ACF3A}.Debug|x64.Build.0 = Debug|x64
		{0B9EBD5F-6E09-4290-BC66-C2FDC78ACF3A}.Debug|x86.ActiveCfg = Debug|Win32
		{0B9EBD5F-6E09-4290-BC66-C2FDC78ACF3A}.Debug|x86.Build.0 = Debug|Win32
		{0B9EBD5F-6E09-4290-BC66-C2FDC78ACF3A}.Release|x64.ActiveCfg = Release|x64
		{0B9EBD5F-6E09-4290-BC66-C2FDC78ACF3A}.Release|x64.Build.0 = Release|x64
		{0B9EBD5F-6E09-4290-BC66-C2FDC78ACF3A}.Release|x86.ActiveCfg = Release|Win32
		{0B9EBD5F-6E09-4290-BC66-C2FDC78ACF3A}.Release|x86.Build.0 = Release|Win32
		{D8DAABD3-292B-4E40-A87F-8D66244D46EF}.Debug|x64.ActiveCfg = Debug|x64
		{D8DAABD3-292B-4E40-A87F-8D66244D46EF}.Debug|x64.Build.0 = Debug|x64
		{D8DAABD3-292B-4E40-A87F-8D66244D46EF}.Debug|x86.ActiveCfg = Debug|Win32
		{D8DAABD3-292B-4E40-A87F-8D66244D46EF}.Debug|x86.Build.0 = Debug|Win32
		{D8DAABD3-292B-4E40-A87F-8D66244D46EF}.Release|x64.ActiveCfg = Release|x64
		{D8DAABD3-292B-4E40-A87F-8D66244D46EF}.Release|x64.Build.0 = Release|x64
		{D8DAABD3-292B-4E40-A87F-8D66244D46EF}.Release|x86.ActiveCfg = Release|Win32
		{D8DAABD3-292B-4E40-A87F-8D66244D46EF}.Release|x86.Build.0 = Release|Win32
		{DB50BA4F-BEFB-4E56-9F25-5BA6150CF8CD}.Debug|x64.ActiveCfg = Debug|x64
		{DB50BA4F-BEFB-4E56-9F25-5BA6150CF8CD}.Debug|x64.Build.0 = Debug|x64
		{DB50BA4F-BEFB-4E56-9F25-5BA6150CF8CD}.Debug|x86.ActiveCfg = Debug|Win32
		{DB50BA4F-BEFB-4E56-9F25-5BA6150CF8CD}.Debug|x86.Build.0 = Debug|Win32
		{DB50BA4F-BEFB-4E56-9F25-5BA6150CF8CD}.Release|x64.ActiveCfg = Release|x64
		{DB50BA4F-BEFB-4E56-9F25-5BA6150CF8CD}.Release|x64.Build.0 = Release|x64
		{DB50BA4F-BEFB-4E56-9F25-5BA6150CF8CD}.Release|x86.ActiveCfg = Release|Win32
		{DB50BA4F-BEFB-4E56-9F25-5BA6150CF8CD}.Release|x86.Build.0 = Release|Win32
		{DD0C74B6-49D4-4E88-8E6A-41656753B999}.Debug|x64.ActiveCfg = Debug|x64
		{DD0C74B6-49D4-4E88-8E6A-41656753B999}.Debug|x64.Build.0 = Debug|x64
		{DD0C74B6-49D4-4E88-8E6A-41656753B999}.Debug|x86.ActiveCfg = Debug|Win32
		{DD0C74B6-49D4-4E88-8E6A-41656753B999}.Debug|x86.Build.0 = Debug|Win32
		{DD0C74B6-49D4-4E88-8E6A-41656753B999}.Release|x64.ActiveCfg = Release|x64
		{DD0C74B6-49D4-4E88-8E6A-41656753B999}.Release|x64.Build.0 = Release|x64
		{DD0C74B6-49D4-4E88-8E6A-41656753B999}.Release|x86.ActiveCfg = Release|Win32
		{DD0C74B6-49D4-4E88-8E6A-41656753B999}.Release|x86.Build.0 = Release|Win32
		{781CEB50-5FA1-4CB1-B33E-38D74AC666D2}.Debug|x64.ActiveCfg = Debug|x64
		{781CEB50-5FA1-4CB1-B33E-38D74AC666D2}.Debug|x64.Build.0 = Debug|x64
		{781CEB50-5FA1-4CB1-B33E-38D74AC666D2}.Debug|x86.ActiveCfg = Debug|Win32
		{781CEB50-5FA1-4CB1-B33E-38D74AC666D2}.Debug|x86.Build.0 = Debug|Win32
		{781CEB50-5FA1-4CB1-B33E-38D74AC666D2}.Release|x64.ActiveCfg = Release|x64
		{781CEB50-5FA1-4CB1-B33E-38D74AC666D2}.Release|x64.Build.0 = Release|x64
		{781CEB50-5FA1-4CB1-B33E-38D74AC666D2}.Release|x86.ActiveCfg = Release|Win32
		{781CEB50-5FA1-4CB1-B33E-38D74AC666D2}.Release|x86.Build.0 = Release|Win32
		{55262F20-FAE3-4A61-A104-9594A5B5769E}.Debug|x64.ActiveCfg = Debug|x64
		{55262F20-FAE3-4A61-A104-9594A5B5769E}.Debug|x64.Build.0 = Debug|x64
		{55262F20-FAE3-4A61-A104-9594A5B5769E}.Debug|x86.ActiveCfg = Debug|Win32
		{55262F20-FAE3-4A61-A104-9594A5B5769E}.Debug|x86.Build.0 = Debug|Win32
		{55262F20-FAE3-4A61-A104-9594A5B5769E}.Release|x64.ActiveCfg = Release|x64
		{55262F20-FAE3-4A61-A104-9594A5B5769E}.Release|x64.Build.0 = Release|x64
		{55262F20-FAE3-4A61-A104-9594A5B5769E}.Release|x86.ActiveCfg = Release|Win32
		{55262F20-FAE3-4A61-A104-9594A5B5769E}.Release|x86.Build.0 = Release|Win32
		{938D9305-C1DA-4B74-89BE-EC05482E9103}.Debug|x64.ActiveCfg = Debug|x64
		{938D9305-C1DA-4B74-89BE-EC05482E9103}.Debug|x64.Build.0 = Debug|x64
		{938D9305-C1DA-4B74-89BE-EC05482E9103}.Debug|x86.ActiveCfg = Debug|Win32
		{938D9305-C1DA-4B74-89BE-EC05482E9103}.Debug|x86.Build.0 = Debug|Win32
		{938D9305-C1DA-4B74-89BE-EC05482E9103}.Release|x64.ActiveCfg = Release|x64
		{938D9305-C1DA-4B74-89BE-EC05482E9103}.Release|x64.Build.0 = Release|x64
		{938D9305-C1DA-4B74-89BE-EC05482E9103}.Release|x86.ActiveCfg = Release|Win32
		{938D9305-C1DA-4B74-89BE-EC05482E9103}.Release|x86.Build.0 = Release|Win32
		{22A9727A-04AB-4CCA-A9BF-6C0C3B72295A}.Debug|x64.ActiveCfg = Debug|x64
		{22A9727A-04AB-4CCA-A9BF-6C0C3B72295A}.Debug|x64.Build.0 = Debug|x64
		{22A9727A-04AB-4CCA-A9BF-6C0C3B72295A}.Debug|x86.ActiveCfg = Debug|Win32
		{22A9727A-04AB-4CCA-A9BF-6C0C3B72295A}.Debug|x86.Build.0 = Debug|Win32
		{22A9727A-04AB-4CCA-A9BF-6C0C3B72295A}.Release|x64.ActiveCfg = Release|x64
		{22A9727A-04AB-4CCA-A9BF-6C0C3B72295A}.Release|x64.Build.0 = Release|x64
		{22A9727A-04AB-4CCA-A9BF-6C0C3B72295A}.Release|x86.ActiveCfg = Release|Win32
		{22A9727A-04AB-4CCA-A9BF-6C0C3B72295A}.Release|x86.Build.0 = Release|Win32
		{49783C20-A892-45A4-9750-7DD8E3425700}.Debug|x64.ActiveCfg = Debug|x64
		{49783C20-A892-45A4-9750-7DD8E3425700}.Debug|x64.Build.0 = Debug|x64
		{49783C20-A892-45A4-9750-7DD8E3425700}.Debug|x86.ActiveCfg = Debug|Win32
		{49783C20-A892-45A4-9750-7DD8E3425700}.Debug|x86.Build.0 = Debug|Win32
		{49783C20-A892-45A4-9750-7DD8E3425700}.Release|x64.ActiveCfg = Release|x64
		{49783C20-A892-45A4-9750-7DD8E3425700}.Release|x64.Build.0 = Release|x64
		{49783C20-A892-45A4-9750-7DD8E3425700}.Release|x86.ActiveCfg = Release|Win32
		{49783C20-A892-45A4-9750-7DD8E3425700}.Release|x86.Build.0 = Release|Win32
		{35A06166-E95C-444C-9090-57EA89A2C9B6}.Debug|x64.ActiveCfg = Debug|x64
		{35A06166-E95C-444C-9090-57EA89A2C9B6}.Debug|x64.Build.0 = Debug|x64
		{35A06166-E95C-444C-9090-57EA89A2C9B6}.Debug|x86.ActiveCfg = Debug|Win32
		{35A06166-E95C-444C-9090-57EA89A2C9B6}.Debug|x86.Build.0 = Debug|Win32
		{35A06166-E95C-444C-9090-57EA89A2C9B6}.Release|x64.ActiveCfg = Release|x64
		{35A06166-E95C-444C-9090-57EA89A2C9B6}.Release|x64.Build.0 = Release|x64
		{35A06166-E95C-444C-9090-57EA89A2C9B6}.Release|x86.ActiveCfg = Release|Win32
		{35A06166-E95C-444C-9090-57EA89A2C9B6}.Release|x86.Build.0 = Release|Win32
		{5A6526C7-6841-4D2F-98D8-66E94C3E9689}.Debug|x64.ActiveCfg = Debug|x64
		{5A6526C7-6841-4D2F-98D8-66E94C3E9689}.Debug|x64.Build.0 = Debug|x64
		{5A6526C7-6841-4D2F-98D8-66E94C3E9689}.Debug|x86.ActiveCfg = Debug|Win32
		{5A6526C7-6841-4D2F-98D8-66E94C3E9689}.Debug|x86.Build.0 = Debug|Win32
		{5A6526C7-6841-4D2F-98D8-66E94C3E9689}.Release|x64.ActiveCfg = Release|x64
		{5A6526C7-6841-4D2F-98D8-66E94C3E9689}.Release|x64.Build.0 = Release|x64
		{5A6526C7-6841-4D2F-98D8-66E94C3E9689}.Release|x86.ActiveCfg = Release|Win32
		{5A6526C7-6841-4D2F-98D8-66E94C3E9689}.Release|x86.Build.0 = Release|Win32
		{982FFA03-EB48-42FD-9AA8-9CBF9AD129EA}.Debug|x64.ActiveCfg = Debug|x64
		{982FFA03-EB48-42FD-9AA8-9CBF9AD129EA}.Debug|x64.Build.0 = Debug|x64
		{982FFA03-EB48-42FD-9AA8-9CBF9AD129EA}.Debug|x86.ActiveCfg = Debug|Win32
		{982FFA03-EB48-42FD-9AA8-9CBF9AD129EA}.Debug|x86.Build.0 = Debug|Win32
		{982FFA03-EB48-42FD-9AA8-9CBF9AD129EA}.Release|x64.ActiveCfg = Release|x64
		{982FFA03-EB48-42FD-9AA8-9CBF9AD129EA}.Release|x64.Build.0 = Release|x64
		{982FFA03-EB48-42FD-9AA8-9CBF9AD129EA}.Release|x86.ActiveCfg = Release|Win32
		{982FFA03-EB48-42FD-9AA8-9CBF9AD129EA}.Release|x86.Build.0 = Release|Win32
		{D97CC7DE-3984-4B10-814E-432D4263E2E7}.Debug|x64.ActiveCfg = Debug|x64
		{D97CC7DE-3984-4B10-814E-432D4263E2E7}.Debug|x64.Build.0 = Debug|x64
		{D97CC7DE-3984-4B10-814E-432D4263E2E7}.Debug|x86.ActiveCfg = Debug|Win32
		{D97CC7DE-3984-4B10-814E-432D4263E2E7}.Debug|x86.Build.0 = Debug|Win32
		{D97CC7DE-3984-4B10-814E-432D4263E2E7}.Release|x64.ActiveCfg = Release|x64
		{D97CC7DE-3984-4B10-814E-432D4263E2E7}.Release|x64.Build.0 = Release|x64
		{D97CC7DE-3984-4B10-814E-432D4263E2E7}.Release|x86.ActiveCfg = Release|Win32
		{D97CC7DE-3984-4B10-814E-432D4263E2E7}.Release|x86.Build.0 = Release|Win32
		{BCF75714-80E5-4E68-9412-71EF508571E0}.Debug|x64.ActiveCfg = Debug|x64
		{BCF75714-80E5-4E68-9412-71EF508571E0}.Debug|x64.Build.0 = Debug|x64
		{BCF75714-80E5-4E68-9412-71EF508571E0}.Debug|x86.ActiveCfg = Debug|Win32
		{BCF75714-80E5-4E68-9412-71EF508571E0}.Debug|x86.Build.0 = Debug|Win32
		{BCF75714-80E5-4E68-9412-71EF508571E0}.Release|x64.ActiveCfg = Release|x64
		{BCF75714-80E5-4E68-9412-71EF508571E0}.Release|x64.Build.0 = Release|x64
		{BCF75714-80E5-4E68-9412-71EF508571E0}.Release|x86.ActiveCfg = Release|Win32
		{BCF75714-80E5-4E68-9412-71EF508571E0}.Release|x86.Build.0 = Release|Win32
		{177A220D-FF0F-4668-92F2-DE2FB3549B0B}.Debug|x64.ActiveCfg = Debug|x64
		{177A220D-FF0F-4668-92F2-DE2FB3549B0B}.Debug|x64.Build.0 = Debug|x64
		{177A220D-FF0F-4668-92F2-DE2FB3549B0B}.Debug|x86.ActiveCfg = Debug|Win32
		{177A220D-FF0F-4668-92F2-DE2FB3549B0B}.Debug|x86.Build.0 = Debug|Win32
		{177A220D-FF0F-4668-92F2-DE2FB3549B0B}.Release|x64.ActiveCfg = Release|x64
		{177A220D-FF0F-4668-92F2-DE2FB3549B0B}.Release|x64.Build.0 = Release|x64
		{177A220D-FF0F-4668-92F2-DE2FB3549B0B}.Release|x86.ActiveCfg = Release|Win32
		{177A220D-FF0F-4668-92F2-DE2FB3549B0B}.Release|x86.Build.0 = Release|Win32
		{2F7021F5-09F4-4FF2-91A8-E4D2CF8D4903}.Debug|x64.ActiveCfg = Debug|x64
		{2F7021F5-09F4-4FF2-91A8-E4D2CF8D4903}.Debug|x64.Build.0 = Debug|x64
		{2F7021F5-09F4-4FF2-91A8-E4D2CF8D4903}.Debug|x86.ActiveCfg = Debug|Win32
		{2F7021F5-09F4-4FF2-91A8-E4D2CF8D4903}.Debug|x86.Build.0 = Debug|Win32
		{2F7021F5-09F4-4FF2-91A8-E4D2CF8D4903}.Release|x64.ActiveCfg = Release|x64
		{2F7021F5-09F4-4FF2-91A8-E4D2CF8D4903}.Release|x64.Build.0 = Release|x64
		{2F7021F5-09F4-4FF2-91A8-E4D2CF8D4903}.Release|x86.ActiveCfg = Release|Win32
		{2F7021F5-09F4-4FF2-91A8-E4D2CF8D4903}.Release|x86.Build.0 = Release|Win32
		{5F0DC106-232D-4686-A4FE-AE797464896A}.Debug|x64.ActiveCfg = Debug|x64
		{5F0DC106-232D-4686-A4FE-AE797464896A}.Debug|x64.Build.0 = Debug|x64
		{5F0DC106-232D-4686-A4FE-AE797464896A}.Debug|x86.ActiveCfg = Debug|Win32
		{5F0DC106-232D-4686-A4FE-AE797464896A}.Debug|x86.Build.0 = Debug|Win32
		{5F0DC106-232D-4686-A4FE-AE797464896A}.Release|x64.ActiveCfg = Release|x64
		{5F0DC106-232D-4686-A4FE-AE797464896A}.Release|x64.Build.0 = Release|x64
		{5F0DC106-232D-4686-A4FE-AE797464896A}.Release|x86.ActiveCfg = Release|Win32
		{5F0DC106-232D-4686-A4FE-AE797464896A}.Release|x86.Build.0 = Release|Win32
		{F5FC6082-B958-454C-946A-78AA3C497B93}.Debug|x64.ActiveCfg = Debug|x64
		{F5FC6082-B958-454C-946A-78AA3C497B93}.Debug|x64.Build.0 = Debug|x64
		{F5FC6082-B958-454C-946A-78AA3C497B93}.Debug|x86.ActiveCfg = Debug|Win32
		{F5FC6082-B958-454C-946A-78AA3C497B93}.Debug|x86.Build.0 = Debug|Win32
		{F5FC6082-B958-454C-946A-78AA3C497B93}.Release|x64.ActiveCfg = Release|x64
		{F5FC6082-B958-454C-946A-78AA3C497B93}.Release|x64.Build.0 = Release|x64
		{F5FC6082-B958-454C-946A-78AA3C497B93}.Release|x86.ActiveCfg = Release|Win32
		{F5FC6082-B958-454C-946A-78AA3C497B93}.Release|x86.Build.0 = Release|Win32
		{54EBF6BC-B5AA-4DC4-866B-BF6DCCBE33B1}.Debug|x64.ActiveCfg = Debug|x64
		{54EBF6BC-B5AA-4DC4-866B-BF6DCCBE33B1}.Debug|x64.Build.0 = Debug|x64
		{54EBF6BC-B5AA-4DC4-866B-BF6DCCBE33B1}.Debug|x86.ActiveCfg = Debug|Win32
		{54EBF6BC-B5AA-4DC4-866B-BF6DCCBE33B1}.Debug|x86.Build.0 = Debug|Win32
		{54EBF6BC-B5AA-4DC4-866B-BF6DCCBE33B1}.Release|x64.ActiveCfg = Release|x64
		{54EBF6BC-B5AA-4DC4-866B-BF6DCCBE33B1}.Release|x64.Build.0 = Release|x64
		{54EBF6BC-B5AA-4DC4-866B-BF6DCCBE33B1}.Release|x86.ActiveCfg = Release|Win32
		{54EBF6BC-B5AA-4DC4-866B-BF6DCCBE33B1}.Release|x86.Build.0 = Release|Win32
		{E9EA77B9-5FF4-436D-8CF1-8E45D5E5FD01}.Debug|x64.ActiveCfg = Debug|x64
		{E9EA77B9-5FF4-436D-8CF1-8E45D5E5FD01}.Debug|x64.Build.0 = Debug|x64
		{E9EA77B9-5FF4-436D-8CF1-8E45D5E5FD01}.Debug|x86.ActiveCfg = Debug|Win32
		{E9EA77B9-5FF4-436D-8CF1-8E45D5E5FD01}.Debug|x86.Build.0 = Debug|Win32
		{E9EA77B9-5FF4-436D-8CF1-8E45D5E5FD01}.Release|x64.ActiveCfg = Release|x64
		{E9EA77B9-5FF4-436D-8CF1-8E45D5E5FD01}.Release|x64.Build.0 = Release|x64
		{E9EA77B9-5FF4-436D-8CF1-8E45D5E5FD01}.Release|x86.ActiveCfg = Release|Win32
		{E9EA77B9-5FF4-436D-8CF1-8E45D5E5FD01}.Release|x86.Build.0 = Release|Win32
		{DF958399-D1F7-4A50-A7E8-927EAE11254C}.Debug|x64.ActiveCfg = Debug|x64
		{DF958399-D1F7-4A50-A7E8-927EAE11254C}.Debug|x64.Build.0 = Debug|x64
		{DF958399-D1F7-4A50-A7E8-927EAE11254C}.Debug|x86.ActiveCfg = Debug|Win32
		{DF958399-D1F7-4A50-A7E8-927EAE11254C}.Debug|x86.Build.0 = Debug|Win32
		{DF958399-D1F7-4A50-A7E8-927EAE11254C}.Release|x64.ActiveCfg = Release|x64
		{DF958399-D1F7-4A50-A7E8-927EAE11254C}.Release|x64.Build.0 = Release|x64
		{DF958399-D1F7-4A50-A7E8-927EAE11254C}.Release|x86.ActiveCfg = Release|Win32
		{DF958399-D1F7-4A50-A7E8-927EAE11254C}.Release|x86.Build.0 = Release|Win32
		{440C1E41-B051-457E-A506-C59C9521B775}.Debug|x64.ActiveCfg = Debug|x64
		{440C1E41-B051-457E-A506-C59C9521B775}.Debug|x64.Build.0 = Debug|x64
		{440C1E41-B051-457E-A506-C59C9521B775}.Debug|x86.ActiveCfg = Debug|Win32
		{440C1E41-B051-457E-A506-C59C9521B775}.Debug|x86.Build.0 = Debug|Win32
		{440C1E41-B051-457E-A506-C59C9521B775}.Release|x64.ActiveCfg = Release|x64
		{440C1E41-B051-457E-A506-C59C9521B775}.Release|x64.Build.0 = Release|x64
		{440C1E41-B051-457E-A506-C59C9521B775}.Release|x86.ActiveCfg = Release|Win32
		{440C1E41-B051-457E-A506-C59C9521B775}.Release|x86.Build.0 = Release|Win32
		{61B5F749-A992-4FE7-A9BF-590ECE6EEDFE}.Debug|x64.ActiveCfg = Debug|x64
		{61B5F749-A992-4FE7-A9BF-590ECE6EEDFE}.Debug|x64.Build.0 = Debug|x64
		{61B5F749-A992-4FE7-A9BF-590ECE6EEDFE}.Debug|x86.ActiveCfg = Debug|Win32
		{61B5F749-A992-4FE7-A9BF-590ECE6EEDFE}.Debug|x86.Build.0 = Debug|Win32
		{61B5F749-A992-4FE7-A9BF-590ECE6EEDFE}.Release|x64.ActiveCfg = Release|x64
		{61B5F749-A992-4FE7-A9BF-590ECE6EEDFE}.Release|x64.Build.0 = Release|x64
		{61B5F749-A992-4FE7-A9BF-590ECE6EEDFE}.Release|x86.ActiveCfg = Release|Win32
		{61B5F749-A992-4FE7-A9BF-590ECE6EEDFE}.Release|x86.Build.0 = Release|Win32
		{4E442D69-9DFD-418D-9D44-6DB2943B1E54}.Debug|x64.ActiveCfg = Debug|x64
		{4E442D69-9DFD-418D-9D44-6DB2943B1E54}.Debug|x64.Build.0 = Debug|x64
		{4E442D69-9DFD-418D-9D44-6DB2943B1E54}.Debug|x86.ActiveCfg = Debug|Win32
		{4E442D69-9DFD-418D-9D44-6DB2943B1E54}.Debug|x86.Build.0 = Debug|Win32
		{4E442D69-9DFD-418D-9D44-6DB2943B1E54}.Release|x64.ActiveCfg = Release|x64
		{4E442D69-9DFD-418D-9D44-6DB2943B1E54}.Release|x64.Build.0 = Release|x64
		{4E442D69-9DFD-418D-9D44-6DB2943B1E54}.Release|x86.ActiveCfg = Release|Win32
		{4E442D69-9DFD-418D-9D44-6DB2943B1E54}.Release|x86.Build.0 = Release|Win32
		{6F66AA2E-2CD4-4B59-9905-FC435DEA89E6}.Debug|x64.ActiveCfg = Debug|x64
		{6F66AA2E-2CD4-4B59-9905-FC435DEA89E6}.Debug|x64.Build.0 = Debug|x64
		{6F66AA2E-2CD4-4B59-9905-FC435DEA89E6}.Debug|x86.ActiveCfg = Debug|Win32
		{6F66AA2E-2CD4-4B59-9905-FC435DEA89E6}.Debug|x86.Build.0 = Debug|Win32
		{6F66AA2E-2CD4-4B59-9905-FC435DEA89E6}.Release|x64.ActiveCfg = Release|x64
		{6F66AA2E-2CD4-4B59-9905-FC435DEA89E6}.Release|x64.Build.0 = Release|x64
		{6F66AA2E-2CD4-4B59-9905-FC435DEA89E6}.Release|x86.ActiveCfg = Release|Win32
		{6F66AA2E-2CD4-4B59-9905-FC435DEA89E6}.Release|x86.Build.0 = Release|Win32
		{AA076034-AAB6-4837-80A3-F702FA82A94E}.Debug|x64.ActiveCfg = Debug|x64
		{AA076034-AAB6-4837-80A3-F702FA82A94E}.Debug|x64.Build.0 = Debug|x64
		{AA076034-AAB6-4837-80A3-F702FA82A94E}.Debug|x86.ActiveCfg = Debug|Win32
		{AA076034-AAB6-4837-80A3-F702FA82A94E}.Debug|x86.Build.0 = Debug|Win32
		{AA076034-AAB6-4837-80A3-F702FA82A94E}.Release|x64.ActiveCfg = Release|x64
		{AA076034-AAB6-4837-80A3-F702FA82A94E}.Release|x64.Build.0 = Release|x64
		{AA076034-AAB6-4837-80A3-F702FA82A94E}.Release|x86.ActiveCfg = Release|Win32
		{AA076034-AAB6-4837-80A3-F702FA82A94E}.Release|x86.Build.0 = Release|Win32
	EndGlobalSection
	GlobalSection(SolutionProperties) = preSolution
		HideSolutionNode = FALSE
	EndGlobalSection
	GlobalSection(ExtensibilityGlobals) = postSolution
		SolutionGuid = {9B13D09A-C4F8-4F77-948F-17A7E4391346}
	EndGlobalSection
EndGlobal
